
Microsoft Visual Studio Solution File, Format Version 12.00
# Visual Studio Version 17
VisualStudioVersion = 17.8.34525.116
MinimumVisualStudioVersion = 10.0.40219.1
Project("{FAE04EC0-301F-11D3-BF4B-00C04F79EFBC}") = "BulkyWeb", "BulkyWeb\BulkyWeb.csproj", "{17EE4B9B-76C8-405F-80F4-24898E6A39FA}"
EndProject
Global
	GlobalSection(SolutionConfigurationPlatforms) = preSolution
		Debug|Any CPU = Debug|Any CPU
		Release|Any CPU = Release|Any CPU
	EndGlobalSection
	GlobalSection(ProjectConfigurationPlatforms) = postSolution
		{17EE4B9B-76C8-405F-80F4-24898E6A39FA}.Debug|Any CPU.ActiveCfg = Debug|Any CPU
		{17EE4B9B-76C8-405F-80F4-24898E6A39FA}.Debug|Any CPU.Build.0 = Debug|Any CPU
		{17EE4B9B-76C8-405F-80F4-24898E6A39FA}.Release|Any CPU.ActiveCfg = Release|Any CPU
		{17EE4B9B-76C8-405F-80F4-24898E6A39FA}.Release|Any CPU.Build.0 = Release|Any CPU
	EndGlobalSection
	GlobalSection(SolutionProperties) = preSolution
		HideSolutionNode = FALSE
	EndGlobalSection
	GlobalSection(ExtensibilityGlobals) = postSolution
		SolutionGuid = {B6DB7293-4DB9-4F10-B8AB-8B86EB1E56FC}
	EndGlobalSection
EndGlobal
